
Microsoft Visual Studio Solution File, Format Version 12.00
# Visual Studio 15
VisualStudioVersion = 15.0.28307.168
MinimumVisualStudioVersion = 10.0.40219.1
Project("{FAE04EC0-301F-11D3-BF4B-00C04F79EFBC}") = "WolfInv.com.PK10CorePress", "PK10CorePress\WolfInv.com.PK10CorePress.csproj", "{1B418905-1D78-4758-9B21-CF9BFC054F88}"
EndProject
Project("{FAE04EC0-301F-11D3-BF4B-00C04F79EFBC}") = "WolfInv.com.BackTestLib", "BackTestLib\WolfInv.com.BackTestLib.csproj", "{6B37D13C-F107-48B3-9105-1BD0E00A75FC}"
EndProject
Project("{FAE04EC0-301F-11D3-BF4B-00C04F79EFBC}") = "PK10Server", "PK10Server\PK10Server.csproj", "{0AD8131F-5C2D-4E18-8677-3C6782FDDBD4}"
	ProjectSection(ProjectDependencies) = postProject
		{6B37D13C-F107-48B3-9105-1BD0E00A75FC} = {6B37D13C-F107-48B3-9105-1BD0E00A75FC}
	EndProjectSection
EndProject
Project("{FAE04EC0-301F-11D3-BF4B-00C04F79EFBC}") = "WolfInv.com.ExchangeLib", "ExchangeLib\WolfInv.com.ExchangeLib.csproj", "{BE222046-7D38-4E42-BCB5-CE4CCC5AB4CD}"
EndProject
Project("{FAE04EC0-301F-11D3-BF4B-00C04F79EFBC}") = "DataRecSvr", "DataRecSvr\DataRecSvr.csproj", "{6A28259F-0369-4801-8B73-540BD4B7C7D5}"
EndProject
Project("{FAE04EC0-301F-11D3-BF4B-00C04F79EFBC}") = "ExchangeTermial", "ExchangeTermial\ExchangeTermial.csproj", "{AAD478BF-3736-466D-9275-0E4A16E27006}"
EndProject
Project("{FAE04EC0-301F-11D3-BF4B-00C04F79EFBC}") = "WolfInv.com.WebCommunicateClass", "WebCommunicateClass\WolfInv.com.WebCommunicateClass.csproj", "{58C01AAF-4A7C-4B53-A7ED-EFC6DBD22610}"
EndProject
Project("{FAE04EC0-301F-11D3-BF4B-00C04F79EFBC}") = "WolfInv.com.CoreCalcClass", "CoreCalcClass\WolfInv.com.CoreCalcClass.csproj", "{26FAD1C4-B109-4A88-8BB0-C2A2A37F1C1C}"
EndProject
Project("{FAE04EC0-301F-11D3-BF4B-00C04F79EFBC}") = "WolfInv.com.LogLib", "LogLib\WolfInv.com.LogLib.csproj", "{182084E4-C48B-4585-9221-4A54CAF7448F}"
EndProject
Project("{FAE04EC0-301F-11D3-BF4B-00C04F79EFBC}") = "WolfInv.com.WinInterComminuteLib", "WinInterComminuteLib\WolfInv.com.WinInterComminuteLib.csproj", "{7859D79D-EDD5-4B79-B3DA-072432BC8FCC}"
EndProject
Project("{FAE04EC0-301F-11D3-BF4B-00C04F79EFBC}") = "WolfInv.com.GuideLib", "GuideLib\WolfInv.com.GuideLib.csproj", "{2C724DB7-59A5-41CD-8274-C0ACB18FCC1A}"
EndProject
Project("{FAE04EC0-301F-11D3-BF4B-00C04F79EFBC}") = "WolfInv.com.ProbMathLib", "ProbMathLib\WolfInv.com.ProbMathLib.csproj", "{6AF5544D-5B6B-40A9-9258-72CBE6CE207D}"
EndProject
Project("{FAE04EC0-301F-11D3-BF4B-00C04F79EFBC}") = "WolfInv.com.WebRuleLib", "WebRuleLib\WolfInv.com.WebRuleLib.csproj", "{2D91CEF1-5BAA-4AE2-A6D5-7AC55E992AD1}"
EndProject
Project("{FAE04EC0-301F-11D3-BF4B-00C04F79EFBC}") = "WolfInv.com.BaseObjectsLib", "BaseObjectsLib\WolfInv.com.BaseObjectsLib.csproj", "{38B7C927-F264-46A1-A550-388F440D79BE}"
EndProject
Project("{FAE04EC0-301F-11D3-BF4B-00C04F79EFBC}") = "WolfInv.com.ServerInitLib", "ServerInitLib\WolfInv.com.ServerInitLib.csproj", "{5F99902C-DF70-4B54-A58C-9B19A0114B6B}"
EndProject
Project("{FAE04EC0-301F-11D3-BF4B-00C04F79EFBC}") = "WolfInv.com.Strags", "Strags\WolfInv.com.Strags.csproj", "{C91D683F-3594-4C5E-872E-DFBC09731419}"
EndProject
Project("{FAE04EC0-301F-11D3-BF4B-00C04F79EFBC}") = "WolfInv.com.MachineLearnLib", "MachineLearnLib\WolfInv.com.MachineLearnLib.csproj", "{263D0261-F282-47F3-A3E8-324B703E1599}"
EndProject
Project("{FAE04EC0-301F-11D3-BF4B-00C04F79EFBC}") = "WolfInv.com.CFZQ_LHProcess", "CFZQ_LHProcess\WolfInv.com.CFZQ_LHProcess.csproj", "{70BAEBE6-DFD2-4AA3-A8A9-04F88EA61551}"
EndProject
Project("{FAE04EC0-301F-11D3-BF4B-00C04F79EFBC}") = "WolfInv.com.StrategyLibForWD", "StrategyLibForWD\WolfInv.com.StrategyLibForWD.csproj", "{AD1632C3-203D-4B8F-91B1-3474DDDC1A49}"
EndProject
Project("{FAE04EC0-301F-11D3-BF4B-00C04F79EFBC}") = "WolfInv.com.SecurityLib", "SecurityLib\WolfInv.com.SecurityLib.csproj", "{AA6CD329-D212-4998-BE10-2A4728175F53}"
EndProject
Project("{FAE04EC0-301F-11D3-BF4B-00C04F79EFBC}") = "WolfInv.com.DbAccessLib", "DbAccessLib\WolfInv.com.DbAccessLib.csproj", "{6778368A-C893-41D7-B354-3030CC0779ED}"
EndProject
Project("{FAE04EC0-301F-11D3-BF4B-00C04F79EFBC}") = "WolfInv.com.SecurityStragLib", "SecurityStragLib\WolfInv.com.SecurityStragLib.csproj", "{E82CC1E2-19CE-4B04-9213-5E7D0F2E440B}"
EndProject
Project("{FAE04EC0-301F-11D3-BF4B-00C04F79EFBC}") = "SecurityExchangeTermial", "SecurityExchangeTermial\SecurityExchangeTermial.csproj", "{3013CFB7-3659-45A5-9037-CB5B1B056176}"
EndProject
Project("{FAE04EC0-301F-11D3-BF4B-00C04F79EFBC}") = "Test_Win", "Test_Win\Test_Win.csproj", "{F63BE86B-ADC1-4C54-9FF4-D3B03C8F3400}"
EndProject
Project("{FAE04EC0-301F-11D3-BF4B-00C04F79EFBC}") = "BackTestSys", "WindowsFormsApplication1\BackTestSys.csproj", "{793BC432-5BE7-4531-BF7A-B987C940E921}"
EndProject
Project("{FAE04EC0-301F-11D3-BF4B-00C04F79EFBC}") = "ClientSvr", "ClientSvr\ClientSvr.csproj", "{CBB8288D-BC02-4DBE-A9E4-A0599083B1E0}"
EndProject
Project("{FAE04EC0-301F-11D3-BF4B-00C04F79EFBC}") = "WXMsgCom", "WXMsgSvr\WXMsgCom.csproj", "{1C2D6574-9BA6-4039-80C6-E48DCFD69C8A}"
EndProject
Project("{FAE04EC0-301F-11D3-BF4B-00C04F79EFBC}") = "MsgSvr", "MsgSvr\MsgSvr.csproj", "{3D8AFACA-E1EB-41A1-AEF6-24AD15BD3CDE}"
EndProject
Project("{FAE04EC0-301F-11D3-BF4B-00C04F79EFBC}") = "WolfInv.com.RemoteObjectLib", "WolfInv.com.RemoteObjectLib\WolfInv.com.RemoteObjectLib.csproj", "{5512DDFB-0CA8-4BB7-AC01-E21BDC814F0F}"
EndProject
Project("{FAE04EC0-301F-11D3-BF4B-00C04F79EFBC}") = "WebMsg", "..\..\WebMsg\WebMsg\WebMsg.csproj", "{03062749-569C-4ED7-BE5D-F8CA1C8A756B}"
EndProject
Project("{FAE04EC0-301F-11D3-BF4B-00C04F79EFBC}") = "HappyShareLottery", "HappyShareLottery\HappyShareLottery.csproj", "{FB764676-D178-4AAF-A984-DB1B778427DD}"
EndProject
Project("{FAE04EC0-301F-11D3-BF4B-00C04F79EFBC}") = "JsLib", "..\WCS\WCS\JsLib\JsLib.csproj", "{6FD3AFA7-69ED-468F-972A-E58FEADABA12}"
EndProject
Project("{FAE04EC0-301F-11D3-BF4B-00C04F79EFBC}") = "SocketLib", "SocketLib\SocketLib.csproj", "{4B8AE9E2-721D-46EA-A21D-B8B56AD88E9C}"
EndProject
Project("{FAE04EC0-301F-11D3-BF4B-00C04F79EFBC}") = "WolfInv.com.ChargeLib", "ChargeLib\WolfInv.com.ChargeLib.csproj", "{70A1F3BD-3DF3-45FF-9B44-976B807DEAE7}"
EndProject
Project("{FAE04EC0-301F-11D3-BF4B-00C04F79EFBC}") = "WolfInv.com.ShareLotteryLib", "ShareLotteryLib\WolfInv.com.ShareLotteryLib.csproj", "{7E7F3D64-00B9-4AA6-9EE8-DD97713C6347}"
EndProject
Project("{FAE04EC0-301F-11D3-BF4B-00C04F79EFBC}") = "WolfInv.com.WXMessageLib", "WolfInv.com.WXMessageLib\WolfInv.com.WXMessageLib.csproj", "{5B8AD71F-4605-4874-B43D-8F96AED19969}"
EndProject
Project("{FAE04EC0-301F-11D3-BF4B-00C04F79EFBC}") = "Leestar54.WeChat.WebAPI", "WebWeChatAPI.Net\Leestar54.WeChat.WebAPI.csproj", "{D9AB2649-CF1F-4916-87EC-8214534DE9C8}"
EndProject
Global
	GlobalSection(SolutionConfigurationPlatforms) = preSolution
		Debug|Any CPU = Debug|Any CPU
		Debug|Mixed Platforms = Debug|Mixed Platforms
		Debug|x86 = Debug|x86
		Release|Any CPU = Release|Any CPU
		Release|Mixed Platforms = Release|Mixed Platforms
		Release|x86 = Release|x86
	EndGlobalSection
	GlobalSection(ProjectConfigurationPlatforms) = postSolution
		{1B418905-1D78-4758-9B21-CF9BFC054F88}.Debug|Any CPU.ActiveCfg = Debug|Any CPU
		{1B418905-1D78-4758-9B21-CF9BFC054F88}.Debug|Any CPU.Build.0 = Debug|Any CPU
		{1B418905-1D78-4758-9B21-CF9BFC054F88}.Debug|Mixed Platforms.ActiveCfg = Debug|Any CPU
		{1B418905-1D78-4758-9B21-CF9BFC054F88}.Debug|Mixed Platforms.Build.0 = Debug|Any CPU
		{1B418905-1D78-4758-9B21-CF9BFC054F88}.Debug|x86.ActiveCfg = Debug|Any CPU
		{1B418905-1D78-4758-9B21-CF9BFC054F88}.Release|Any CPU.ActiveCfg = Release|Any CPU
		{1B418905-1D78-4758-9B21-CF9BFC054F88}.Release|Any CPU.Build.0 = Release|Any CPU
		{1B418905-1D78-4758-9B21-CF9BFC054F88}.Release|Mixed Platforms.ActiveCfg = Release|Any CPU
		{1B418905-1D78-4758-9B21-CF9BFC054F88}.Release|Mixed Platforms.Build.0 = Release|Any CPU
		{1B418905-1D78-4758-9B21-CF9BFC054F88}.Release|x86.ActiveCfg = Release|Any CPU
		{6B37D13C-F107-48B3-9105-1BD0E00A75FC}.Debug|Any CPU.ActiveCfg = Debug|Any CPU
		{6B37D13C-F107-48B3-9105-1BD0E00A75FC}.Debug|Any CPU.Build.0 = Debug|Any CPU
		{6B37D13C-F107-48B3-9105-1BD0E00A75FC}.Debug|Mixed Platforms.ActiveCfg = Debug|Any CPU
		{6B37D13C-F107-48B3-9105-1BD0E00A75FC}.Debug|Mixed Platforms.Build.0 = Debug|Any CPU
		{6B37D13C-F107-48B3-9105-1BD0E00A75FC}.Debug|x86.ActiveCfg = Debug|Any CPU
		{6B37D13C-F107-48B3-9105-1BD0E00A75FC}.Release|Any CPU.ActiveCfg = Release|Any CPU
		{6B37D13C-F107-48B3-9105-1BD0E00A75FC}.Release|Any CPU.Build.0 = Release|Any CPU
		{6B37D13C-F107-48B3-9105-1BD0E00A75FC}.Release|Mixed Platforms.ActiveCfg = Release|Any CPU
		{6B37D13C-F107-48B3-9105-1BD0E00A75FC}.Release|Mixed Platforms.Build.0 = Release|Any CPU
		{6B37D13C-F107-48B3-9105-1BD0E00A75FC}.Release|x86.ActiveCfg = Release|Any CPU
		{0AD8131F-5C2D-4E18-8677-3C6782FDDBD4}.Debug|Any CPU.ActiveCfg = Debug|x86
		{0AD8131F-5C2D-4E18-8677-3C6782FDDBD4}.Debug|Mixed Platforms.ActiveCfg = Debug|x86
		{0AD8131F-5C2D-4E18-8677-3C6782FDDBD4}.Debug|Mixed Platforms.Build.0 = Debug|x86
		{0AD8131F-5C2D-4E18-8677-3C6782FDDBD4}.Debug|x86.ActiveCfg = Debug|x86
		{0AD8131F-5C2D-4E18-8677-3C6782FDDBD4}.Debug|x86.Build.0 = Debug|x86
		{0AD8131F-5C2D-4E18-8677-3C6782FDDBD4}.Release|Any CPU.ActiveCfg = Release|x86
		{0AD8131F-5C2D-4E18-8677-3C6782FDDBD4}.Release|Mixed Platforms.ActiveCfg = Release|x86
		{0AD8131F-5C2D-4E18-8677-3C6782FDDBD4}.Release|Mixed Platforms.Build.0 = Release|x86
		{0AD8131F-5C2D-4E18-8677-3C6782FDDBD4}.Release|x86.ActiveCfg = Release|x86
		{0AD8131F-5C2D-4E18-8677-3C6782FDDBD4}.Release|x86.Build.0 = Release|x86
		{BE222046-7D38-4E42-BCB5-CE4CCC5AB4CD}.Debug|Any CPU.ActiveCfg = Debug|Any CPU
		{BE222046-7D38-4E42-BCB5-CE4CCC5AB4CD}.Debug|Any CPU.Build.0 = Debug|Any CPU
		{BE222046-7D38-4E42-BCB5-CE4CCC5AB4CD}.Debug|Mixed Platforms.ActiveCfg = Debug|Any CPU
		{BE222046-7D38-4E42-BCB5-CE4CCC5AB4CD}.Debug|Mixed Platforms.Build.0 = Debug|Any CPU
		{BE222046-7D38-4E42-BCB5-CE4CCC5AB4CD}.Debug|x86.ActiveCfg = Debug|Any CPU
		{BE222046-7D38-4E42-BCB5-CE4CCC5AB4CD}.Release|Any CPU.ActiveCfg = Release|Any CPU
		{BE222046-7D38-4E42-BCB5-CE4CCC5AB4CD}.Release|Any CPU.Build.0 = Release|Any CPU
		{BE222046-7D38-4E42-BCB5-CE4CCC5AB4CD}.Release|Mixed Platforms.ActiveCfg = Release|Any CPU
		{BE222046-7D38-4E42-BCB5-CE4CCC5AB4CD}.Release|Mixed Platforms.Build.0 = Release|Any CPU
		{BE222046-7D38-4E42-BCB5-CE4CCC5AB4CD}.Release|x86.ActiveCfg = Release|Any CPU
		{6A28259F-0369-4801-8B73-540BD4B7C7D5}.Debug|Any CPU.ActiveCfg = Debug|x86
		{6A28259F-0369-4801-8B73-540BD4B7C7D5}.Debug|Mixed Platforms.ActiveCfg = Debug|x86
		{6A28259F-0369-4801-8B73-540BD4B7C7D5}.Debug|Mixed Platforms.Build.0 = Debug|x86
		{6A28259F-0369-4801-8B73-540BD4B7C7D5}.Debug|x86.ActiveCfg = Debug|x86
		{6A28259F-0369-4801-8B73-540BD4B7C7D5}.Debug|x86.Build.0 = Debug|x86
		{6A28259F-0369-4801-8B73-540BD4B7C7D5}.Release|Any CPU.ActiveCfg = Release|x86
		{6A28259F-0369-4801-8B73-540BD4B7C7D5}.Release|Mixed Platforms.ActiveCfg = Release|x86
		{6A28259F-0369-4801-8B73-540BD4B7C7D5}.Release|Mixed Platforms.Build.0 = Release|x86
		{6A28259F-0369-4801-8B73-540BD4B7C7D5}.Release|x86.ActiveCfg = Release|x86
		{6A28259F-0369-4801-8B73-540BD4B7C7D5}.Release|x86.Build.0 = Release|x86
		{AAD478BF-3736-466D-9275-0E4A16E27006}.Debug|Any CPU.ActiveCfg = Debug|x86
		{AAD478BF-3736-466D-9275-0E4A16E27006}.Debug|Mixed Platforms.ActiveCfg = Debug|x86
		{AAD478BF-3736-466D-9275-0E4A16E27006}.Debug|Mixed Platforms.Build.0 = Debug|x86
		{AAD478BF-3736-466D-9275-0E4A16E27006}.Debug|x86.ActiveCfg = Debug|x86
		{AAD478BF-3736-466D-9275-0E4A16E27006}.Debug|x86.Build.0 = Debug|x86
		{AAD478BF-3736-466D-9275-0E4A16E27006}.Release|Any CPU.ActiveCfg = Release|x86
		{AAD478BF-3736-466D-9275-0E4A16E27006}.Release|Mixed Platforms.ActiveCfg = Release|x86
		{AAD478BF-3736-466D-9275-0E4A16E27006}.Release|Mixed Platforms.Build.0 = Release|x86
		{AAD478BF-3736-466D-9275-0E4A16E27006}.Release|x86.ActiveCfg = Release|x86
		{AAD478BF-3736-466D-9275-0E4A16E27006}.Release|x86.Build.0 = Release|x86
		{58C01AAF-4A7C-4B53-A7ED-EFC6DBD22610}.Debug|Any CPU.ActiveCfg = Debug|Any CPU
		{58C01AAF-4A7C-4B53-A7ED-EFC6DBD22610}.Debug|Any CPU.Build.0 = Debug|Any CPU
		{58C01AAF-4A7C-4B53-A7ED-EFC6DBD22610}.Debug|Mixed Platforms.ActiveCfg = Debug|Any CPU
		{58C01AAF-4A7C-4B53-A7ED-EFC6DBD22610}.Debug|Mixed Platforms.Build.0 = Debug|Any CPU
		{58C01AAF-4A7C-4B53-A7ED-EFC6DBD22610}.Debug|x86.ActiveCfg = Debug|Any CPU
		{58C01AAF-4A7C-4B53-A7ED-EFC6DBD22610}.Release|Any CPU.ActiveCfg = Release|Any CPU
		{58C01AAF-4A7C-4B53-A7ED-EFC6DBD22610}.Release|Any CPU.Build.0 = Release|Any CPU
		{58C01AAF-4A7C-4B53-A7ED-EFC6DBD22610}.Release|Mixed Platforms.ActiveCfg = Release|Any CPU
		{58C01AAF-4A7C-4B53-A7ED-EFC6DBD22610}.Release|Mixed Platforms.Build.0 = Release|Any CPU
		{58C01AAF-4A7C-4B53-A7ED-EFC6DBD22610}.Release|x86.ActiveCfg = Release|Any CPU
		{26FAD1C4-B109-4A88-8BB0-C2A2A37F1C1C}.Debug|Any CPU.ActiveCfg = Debug|Any CPU
		{26FAD1C4-B109-4A88-8BB0-C2A2A37F1C1C}.Debug|Any CPU.Build.0 = Debug|Any CPU
		{26FAD1C4-B109-4A88-8BB0-C2A2A37F1C1C}.Debug|Mixed Platforms.ActiveCfg = Debug|Any CPU
		{26FAD1C4-B109-4A88-8BB0-C2A2A37F1C1C}.Debug|Mixed Platforms.Build.0 = Debug|Any CPU
		{26FAD1C4-B109-4A88-8BB0-C2A2A37F1C1C}.Debug|x86.ActiveCfg = Debug|Any CPU
		{26FAD1C4-B109-4A88-8BB0-C2A2A37F1C1C}.Release|Any CPU.ActiveCfg = Release|Any CPU
		{26FAD1C4-B109-4A88-8BB0-C2A2A37F1C1C}.Release|Any CPU.Build.0 = Release|Any CPU
		{26FAD1C4-B109-4A88-8BB0-C2A2A37F1C1C}.Release|Mixed Platforms.ActiveCfg = Release|Any CPU
		{26FAD1C4-B109-4A88-8BB0-C2A2A37F1C1C}.Release|Mixed Platforms.Build.0 = Release|Any CPU
		{26FAD1C4-B109-4A88-8BB0-C2A2A37F1C1C}.Release|x86.ActiveCfg = Release|Any CPU
		{182084E4-C48B-4585-9221-4A54CAF7448F}.Debug|Any CPU.ActiveCfg = Debug|Any CPU
		{182084E4-C48B-4585-9221-4A54CAF7448F}.Debug|Any CPU.Build.0 = Debug|Any CPU
		{182084E4-C48B-4585-9221-4A54CAF7448F}.Debug|Mixed Platforms.ActiveCfg = Debug|Any CPU
		{182084E4-C48B-4585-9221-4A54CAF7448F}.Debug|Mixed Platforms.Build.0 = Debug|Any CPU
		{182084E4-C48B-4585-9221-4A54CAF7448F}.Debug|x86.ActiveCfg = Debug|Any CPU
		{182084E4-C48B-4585-9221-4A54CAF7448F}.Release|Any CPU.ActiveCfg = Release|Any CPU
		{182084E4-C48B-4585-9221-4A54CAF7448F}.Release|Any CPU.Build.0 = Release|Any CPU
		{182084E4-C48B-4585-9221-4A54CAF7448F}.Release|Mixed Platforms.ActiveCfg = Release|Any CPU
		{182084E4-C48B-4585-9221-4A54CAF7448F}.Release|Mixed Platforms.Build.0 = Release|Any CPU
		{182084E4-C48B-4585-9221-4A54CAF7448F}.Release|x86.ActiveCfg = Release|Any CPU
		{7859D79D-EDD5-4B79-B3DA-072432BC8FCC}.Debug|Any CPU.ActiveCfg = Debug|Any CPU
		{7859D79D-EDD5-4B79-B3DA-072432BC8FCC}.Debug|Any CPU.Build.0 = Debug|Any CPU
		{7859D79D-EDD5-4B79-B3DA-072432BC8FCC}.Debug|Mixed Platforms.ActiveCfg = Debug|Any CPU
		{7859D79D-EDD5-4B79-B3DA-072432BC8FCC}.Debug|Mixed Platforms.Build.0 = Debug|Any CPU
		{7859D79D-EDD5-4B79-B3DA-072432BC8FCC}.Debug|x86.ActiveCfg = Debug|Any CPU
		{7859D79D-EDD5-4B79-B3DA-072432BC8FCC}.Release|Any CPU.ActiveCfg = Release|Any CPU
		{7859D79D-EDD5-4B79-B3DA-072432BC8FCC}.Release|Any CPU.Build.0 = Release|Any CPU
		{7859D79D-EDD5-4B79-B3DA-072432BC8FCC}.Release|Mixed Platforms.ActiveCfg = Release|Any CPU
		{7859D79D-EDD5-4B79-B3DA-072432BC8FCC}.Release|Mixed Platforms.Build.0 = Release|Any CPU
		{7859D79D-EDD5-4B79-B3DA-072432BC8FCC}.Release|x86.ActiveCfg = Release|Any CPU
		{2C724DB7-59A5-41CD-8274-C0ACB18FCC1A}.Debug|Any CPU.ActiveCfg = Debug|Any CPU
		{2C724DB7-59A5-41CD-8274-C0ACB18FCC1A}.Debug|Any CPU.Build.0 = Debug|Any CPU
		{2C724DB7-59A5-41CD-8274-C0ACB18FCC1A}.Debug|Mixed Platforms.ActiveCfg = Debug|Any CPU
		{2C724DB7-59A5-41CD-8274-C0ACB18FCC1A}.Debug|Mixed Platforms.Build.0 = Debug|Any CPU
		{2C724DB7-59A5-41CD-8274-C0ACB18FCC1A}.Debug|x86.ActiveCfg = Debug|Any CPU
		{2C724DB7-59A5-41CD-8274-C0ACB18FCC1A}.Release|Any CPU.ActiveCfg = Release|Any CPU
		{2C724DB7-59A5-41CD-8274-C0ACB18FCC1A}.Release|Any CPU.Build.0 = Release|Any CPU
		{2C724DB7-59A5-41CD-8274-C0ACB18FCC1A}.Release|Mixed Platforms.ActiveCfg = Release|Any CPU
		{2C724DB7-59A5-41CD-8274-C0ACB18FCC1A}.Release|Mixed Platforms.Build.0 = Release|Any CPU
		{2C724DB7-59A5-41CD-8274-C0ACB18FCC1A}.Release|x86.ActiveCfg = Release|Any CPU
		{6AF5544D-5B6B-40A9-9258-72CBE6CE207D}.Debug|Any CPU.ActiveCfg = Debug|Any CPU
		{6AF5544D-5B6B-40A9-9258-72CBE6CE207D}.Debug|Any CPU.Build.0 = Debug|Any CPU
		{6AF5544D-5B6B-40A9-9258-72CBE6CE207D}.Debug|Mixed Platforms.ActiveCfg = Debug|Any CPU
		{6AF5544D-5B6B-40A9-9258-72CBE6CE207D}.Debug|Mixed Platforms.Build.0 = Debug|Any CPU
		{6AF5544D-5B6B-40A9-9258-72CBE6CE207D}.Debug|x86.ActiveCfg = Debug|Any CPU
		{6AF5544D-5B6B-40A9-9258-72CBE6CE207D}.Release|Any CPU.ActiveCfg = Release|Any CPU
		{6AF5544D-5B6B-40A9-9258-72CBE6CE207D}.Release|Any CPU.Build.0 = Release|Any CPU
		{6AF5544D-5B6B-40A9-9258-72CBE6CE207D}.Release|Mixed Platforms.ActiveCfg = Release|Any CPU
		{6AF5544D-5B6B-40A9-9258-72CBE6CE207D}.Release|Mixed Platforms.Build.0 = Release|Any CPU
		{6AF5544D-5B6B-40A9-9258-72CBE6CE207D}.Release|x86.ActiveCfg = Release|Any CPU
		{2D91CEF1-5BAA-4AE2-A6D5-7AC55E992AD1}.Debug|Any CPU.ActiveCfg = Debug|Any CPU
		{2D91CEF1-5BAA-4AE2-A6D5-7AC55E992AD1}.Debug|Any CPU.Build.0 = Debug|Any CPU
		{2D91CEF1-5BAA-4AE2-A6D5-7AC55E992AD1}.Debug|Mixed Platforms.ActiveCfg = Debug|Any CPU
		{2D91CEF1-5BAA-4AE2-A6D5-7AC55E992AD1}.Debug|Mixed Platforms.Build.0 = Debug|Any CPU
		{2D91CEF1-5BAA-4AE2-A6D5-7AC55E992AD1}.Debug|x86.ActiveCfg = Debug|Any CPU
		{2D91CEF1-5BAA-4AE2-A6D5-7AC55E992AD1}.Release|Any CPU.ActiveCfg = Release|Any CPU
		{2D91CEF1-5BAA-4AE2-A6D5-7AC55E992AD1}.Release|Any CPU.Build.0 = Release|Any CPU
		{2D91CEF1-5BAA-4AE2-A6D5-7AC55E992AD1}.Release|Mixed Platforms.ActiveCfg = Release|Any CPU
		{2D91CEF1-5BAA-4AE2-A6D5-7AC55E992AD1}.Release|Mixed Platforms.Build.0 = Release|Any CPU
		{2D91CEF1-5BAA-4AE2-A6D5-7AC55E992AD1}.Release|x86.ActiveCfg = Release|Any CPU
		{38B7C927-F264-46A1-A550-388F440D79BE}.Debug|Any CPU.ActiveCfg = Debug|Any CPU
		{38B7C927-F264-46A1-A550-388F440D79BE}.Debug|Any CPU.Build.0 = Debug|Any CPU
		{38B7C927-F264-46A1-A550-388F440D79BE}.Debug|Mixed Platforms.ActiveCfg = Debug|Any CPU
		{38B7C927-F264-46A1-A550-388F440D79BE}.Debug|Mixed Platforms.Build.0 = Debug|Any CPU
		{38B7C927-F264-46A1-A550-388F440D79BE}.Debug|x86.ActiveCfg = Debug|Any CPU
		{38B7C927-F264-46A1-A550-388F440D79BE}.Release|Any CPU.ActiveCfg = Release|Any CPU
		{38B7C927-F264-46A1-A550-388F440D79BE}.Release|Any CPU.Build.0 = Release|Any CPU
		{38B7C927-F264-46A1-A550-388F440D79BE}.Release|Mixed Platforms.ActiveCfg = Release|Any CPU
		{38B7C927-F264-46A1-A550-388F440D79BE}.Release|Mixed Platforms.Build.0 = Release|Any CPU
		{38B7C927-F264-46A1-A550-388F440D79BE}.Release|x86.ActiveCfg = Release|Any CPU
		{5F99902C-DF70-4B54-A58C-9B19A0114B6B}.Debug|Any CPU.ActiveCfg = Debug|Any CPU
		{5F99902C-DF70-4B54-A58C-9B19A0114B6B}.Debug|Any CPU.Build.0 = Debug|Any CPU
		{5F99902C-DF70-4B54-A58C-9B19A0114B6B}.Debug|Mixed Platforms.ActiveCfg = Debug|Any CPU
		{5F99902C-DF70-4B54-A58C-9B19A0114B6B}.Debug|Mixed Platforms.Build.0 = Debug|Any CPU
		{5F99902C-DF70-4B54-A58C-9B19A0114B6B}.Debug|x86.ActiveCfg = Debug|Any CPU
		{5F99902C-DF70-4B54-A58C-9B19A0114B6B}.Release|Any CPU.ActiveCfg = Release|Any CPU
		{5F99902C-DF70-4B54-A58C-9B19A0114B6B}.Release|Any CPU.Build.0 = Release|Any CPU
		{5F99902C-DF70-4B54-A58C-9B19A0114B6B}.Release|Mixed Platforms.ActiveCfg = Release|Any CPU
		{5F99902C-DF70-4B54-A58C-9B19A0114B6B}.Release|Mixed Platforms.Build.0 = Release|Any CPU
		{5F99902C-DF70-4B54-A58C-9B19A0114B6B}.Release|x86.ActiveCfg = Release|Any CPU
		{C91D683F-3594-4C5E-872E-DFBC09731419}.Debug|Any CPU.ActiveCfg = Debug|Any CPU
		{C91D683F-3594-4C5E-872E-DFBC09731419}.Debug|Any CPU.Build.0 = Debug|Any CPU
		{C91D683F-3594-4C5E-872E-DFBC09731419}.Debug|Mixed Platforms.ActiveCfg = Debug|Any CPU
		{C91D683F-3594-4C5E-872E-DFBC09731419}.Debug|Mixed Platforms.Build.0 = Debug|Any CPU
		{C91D683F-3594-4C5E-872E-DFBC09731419}.Debug|x86.ActiveCfg = Debug|Any CPU
		{C91D683F-3594-4C5E-872E-DFBC09731419}.Release|Any CPU.ActiveCfg = Release|Any CPU
		{C91D683F-3594-4C5E-872E-DFBC09731419}.Release|Any CPU.Build.0 = Release|Any CPU
		{C91D683F-3594-4C5E-872E-DFBC09731419}.Release|Mixed Platforms.ActiveCfg = Release|Any CPU
		{C91D683F-3594-4C5E-872E-DFBC09731419}.Release|Mixed Platforms.Build.0 = Release|Any CPU
		{C91D683F-3594-4C5E-872E-DFBC09731419}.Release|x86.ActiveCfg = Release|Any CPU
		{263D0261-F282-47F3-A3E8-324B703E1599}.Debug|Any CPU.ActiveCfg = Debug|Any CPU
		{263D0261-F282-47F3-A3E8-324B703E1599}.Debug|Any CPU.Build.0 = Debug|Any CPU
		{263D0261-F282-47F3-A3E8-324B703E1599}.Debug|Mixed Platforms.ActiveCfg = Debug|Any CPU
		{263D0261-F282-47F3-A3E8-324B703E1599}.Debug|Mixed Platforms.Build.0 = Debug|Any CPU
		{263D0261-F282-47F3-A3E8-324B703E1599}.Debug|x86.ActiveCfg = Debug|Any CPU
		{263D0261-F282-47F3-A3E8-324B703E1599}.Release|Any CPU.ActiveCfg = Release|Any CPU
		{263D0261-F282-47F3-A3E8-324B703E1599}.Release|Any CPU.Build.0 = Release|Any CPU
		{263D0261-F282-47F3-A3E8-324B703E1599}.Release|Mixed Platforms.ActiveCfg = Release|Any CPU
		{263D0261-F282-47F3-A3E8-324B703E1599}.Release|Mixed Platforms.Build.0 = Release|Any CPU
		{263D0261-F282-47F3-A3E8-324B703E1599}.Release|x86.ActiveCfg = Release|Any CPU
		{70BAEBE6-DFD2-4AA3-A8A9-04F88EA61551}.Debug|Any CPU.ActiveCfg = Debug|Any CPU
		{70BAEBE6-DFD2-4AA3-A8A9-04F88EA61551}.Debug|Any CPU.Build.0 = Debug|Any CPU
		{70BAEBE6-DFD2-4AA3-A8A9-04F88EA61551}.Debug|Mixed Platforms.ActiveCfg = Debug|Any CPU
		{70BAEBE6-DFD2-4AA3-A8A9-04F88EA61551}.Debug|Mixed Platforms.Build.0 = Debug|Any CPU
		{70BAEBE6-DFD2-4AA3-A8A9-04F88EA61551}.Debug|x86.ActiveCfg = Debug|Any CPU
		{70BAEBE6-DFD2-4AA3-A8A9-04F88EA61551}.Debug|x86.Build.0 = Debug|Any CPU
		{70BAEBE6-DFD2-4AA3-A8A9-04F88EA61551}.Release|Any CPU.ActiveCfg = Release|Any CPU
		{70BAEBE6-DFD2-4AA3-A8A9-04F88EA61551}.Release|Any CPU.Build.0 = Release|Any CPU
		{70BAEBE6-DFD2-4AA3-A8A9-04F88EA61551}.Release|Mixed Platforms.ActiveCfg = Release|Any CPU
		{70BAEBE6-DFD2-4AA3-A8A9-04F88EA61551}.Release|Mixed Platforms.Build.0 = Release|Any CPU
		{70BAEBE6-DFD2-4AA3-A8A9-04F88EA61551}.Release|x86.ActiveCfg = Release|Any CPU
		{70BAEBE6-DFD2-4AA3-A8A9-04F88EA61551}.Release|x86.Build.0 = Release|Any CPU
		{AD1632C3-203D-4B8F-91B1-3474DDDC1A49}.Debug|Any CPU.ActiveCfg = Debug|Any CPU
		{AD1632C3-203D-4B8F-91B1-3474DDDC1A49}.Debug|Any CPU.Build.0 = Debug|Any CPU
		{AD1632C3-203D-4B8F-91B1-3474DDDC1A49}.Debug|Mixed Platforms.ActiveCfg = Debug|Any CPU
		{AD1632C3-203D-4B8F-91B1-3474DDDC1A49}.Debug|Mixed Platforms.Build.0 = Debug|Any CPU
		{AD1632C3-203D-4B8F-91B1-3474DDDC1A49}.Debug|x86.ActiveCfg = Debug|Any CPU
		{AD1632C3-203D-4B8F-91B1-3474DDDC1A49}.Debug|x86.Build.0 = Debug|Any CPU
		{AD1632C3-203D-4B8F-91B1-3474DDDC1A49}.Release|Any CPU.ActiveCfg = Release|Any CPU
		{AD1632C3-203D-4B8F-91B1-3474DDDC1A49}.Release|Any CPU.Build.0 = Release|Any CPU
		{AD1632C3-203D-4B8F-91B1-3474DDDC1A49}.Release|Mixed Platforms.ActiveCfg = Release|Any CPU
		{AD1632C3-203D-4B8F-91B1-3474DDDC1A49}.Release|Mixed Platforms.Build.0 = Release|Any CPU
		{AD1632C3-203D-4B8F-91B1-3474DDDC1A49}.Release|x86.ActiveCfg = Release|Any CPU
		{AD1632C3-203D-4B8F-91B1-3474DDDC1A49}.Release|x86.Build.0 = Release|Any CPU
		{AA6CD329-D212-4998-BE10-2A4728175F53}.Debug|Any CPU.ActiveCfg = Debug|Any CPU
		{AA6CD329-D212-4998-BE10-2A4728175F53}.Debug|Any CPU.Build.0 = Debug|Any CPU
		{AA6CD329-D212-4998-BE10-2A4728175F53}.Debug|Mixed Platforms.ActiveCfg = Debug|Any CPU
		{AA6CD329-D212-4998-BE10-2A4728175F53}.Debug|Mixed Platforms.Build.0 = Debug|Any CPU
		{AA6CD329-D212-4998-BE10-2A4728175F53}.Debug|x86.ActiveCfg = Debug|Any CPU
		{AA6CD329-D212-4998-BE10-2A4728175F53}.Debug|x86.Build.0 = Debug|Any CPU
		{AA6CD329-D212-4998-BE10-2A4728175F53}.Release|Any CPU.ActiveCfg = Release|Any CPU
		{AA6CD329-D212-4998-BE10-2A4728175F53}.Release|Any CPU.Build.0 = Release|Any CPU
		{AA6CD329-D212-4998-BE10-2A4728175F53}.Release|Mixed Platforms.ActiveCfg = Release|Any CPU
		{AA6CD329-D212-4998-BE10-2A4728175F53}.Release|Mixed Platforms.Build.0 = Release|Any CPU
		{AA6CD329-D212-4998-BE10-2A4728175F53}.Release|x86.ActiveCfg = Release|Any CPU
		{AA6CD329-D212-4998-BE10-2A4728175F53}.Release|x86.Build.0 = Release|Any CPU
		{6778368A-C893-41D7-B354-3030CC0779ED}.Debug|Any CPU.ActiveCfg = Debug|Any CPU
		{6778368A-C893-41D7-B354-3030CC0779ED}.Debug|Any CPU.Build.0 = Debug|Any CPU
		{6778368A-C893-41D7-B354-3030CC0779ED}.Debug|Mixed Platforms.ActiveCfg = Debug|Any CPU
		{6778368A-C893-41D7-B354-3030CC0779ED}.Debug|Mixed Platforms.Build.0 = Debug|Any CPU
		{6778368A-C893-41D7-B354-3030CC0779ED}.Debug|x86.ActiveCfg = Debug|Any CPU
		{6778368A-C893-41D7-B354-3030CC0779ED}.Debug|x86.Build.0 = Debug|Any CPU
		{6778368A-C893-41D7-B354-3030CC0779ED}.Release|Any CPU.ActiveCfg = Release|Any CPU
		{6778368A-C893-41D7-B354-3030CC0779ED}.Release|Any CPU.Build.0 = Release|Any CPU
		{6778368A-C893-41D7-B354-3030CC0779ED}.Release|Mixed Platforms.ActiveCfg = Release|Any CPU
		{6778368A-C893-41D7-B354-3030CC0779ED}.Release|Mixed Platforms.Build.0 = Release|Any CPU
		{6778368A-C893-41D7-B354-3030CC0779ED}.Release|x86.ActiveCfg = Release|Any CPU
		{6778368A-C893-41D7-B354-3030CC0779ED}.Release|x86.Build.0 = Release|Any CPU
		{E82CC1E2-19CE-4B04-9213-5E7D0F2E440B}.Debug|Any CPU.ActiveCfg = Debug|Any CPU
		{E82CC1E2-19CE-4B04-9213-5E7D0F2E440B}.Debug|Any CPU.Build.0 = Debug|Any CPU
		{E82CC1E2-19CE-4B04-9213-5E7D0F2E440B}.Debug|Mixed Platforms.ActiveCfg = Debug|Any CPU
		{E82CC1E2-19CE-4B04-9213-5E7D0F2E440B}.Debug|Mixed Platforms.Build.0 = Debug|Any CPU
		{E82CC1E2-19CE-4B04-9213-5E7D0F2E440B}.Debug|x86.ActiveCfg = Debug|Any CPU
		{E82CC1E2-19CE-4B04-9213-5E7D0F2E440B}.Debug|x86.Build.0 = Debug|Any CPU
		{E82CC1E2-19CE-4B04-9213-5E7D0F2E440B}.Release|Any CPU.ActiveCfg = Release|Any CPU
		{E82CC1E2-19CE-4B04-9213-5E7D0F2E440B}.Release|Any CPU.Build.0 = Release|Any CPU
		{E82CC1E2-19CE-4B04-9213-5E7D0F2E440B}.Release|Mixed Platforms.ActiveCfg = Release|Any CPU
		{E82CC1E2-19CE-4B04-9213-5E7D0F2E440B}.Release|Mixed Platforms.Build.0 = Release|Any CPU
		{E82CC1E2-19CE-4B04-9213-5E7D0F2E440B}.Release|x86.ActiveCfg = Release|Any CPU
		{E82CC1E2-19CE-4B04-9213-5E7D0F2E440B}.Release|x86.Build.0 = Release|Any CPU
		{3013CFB7-3659-45A5-9037-CB5B1B056176}.Debug|Any CPU.ActiveCfg = Debug|Any CPU
		{3013CFB7-3659-45A5-9037-CB5B1B056176}.Debug|Any CPU.Build.0 = Debug|Any CPU
		{3013CFB7-3659-45A5-9037-CB5B1B056176}.Debug|Mixed Platforms.ActiveCfg = Debug|Any CPU
		{3013CFB7-3659-45A5-9037-CB5B1B056176}.Debug|Mixed Platforms.Build.0 = Debug|Any CPU
		{3013CFB7-3659-45A5-9037-CB5B1B056176}.Debug|x86.ActiveCfg = Debug|Any CPU
		{3013CFB7-3659-45A5-9037-CB5B1B056176}.Debug|x86.Build.0 = Debug|Any CPU
		{3013CFB7-3659-45A5-9037-CB5B1B056176}.Release|Any CPU.ActiveCfg = Release|Any CPU
		{3013CFB7-3659-45A5-9037-CB5B1B056176}.Release|Any CPU.Build.0 = Release|Any CPU
		{3013CFB7-3659-45A5-9037-CB5B1B056176}.Release|Mixed Platforms.ActiveCfg = Release|Any CPU
		{3013CFB7-3659-45A5-9037-CB5B1B056176}.Release|Mixed Platforms.Build.0 = Release|Any CPU
		{3013CFB7-3659-45A5-9037-CB5B1B056176}.Release|x86.ActiveCfg = Release|Any CPU
		{3013CFB7-3659-45A5-9037-CB5B1B056176}.Release|x86.Build.0 = Release|Any CPU
		{F63BE86B-ADC1-4C54-9FF4-D3B03C8F3400}.Debug|Any CPU.ActiveCfg = Debug|x86
		{F63BE86B-ADC1-4C54-9FF4-D3B03C8F3400}.Debug|Mixed Platforms.ActiveCfg = Debug|x86
		{F63BE86B-ADC1-4C54-9FF4-D3B03C8F3400}.Debug|Mixed Platforms.Build.0 = Debug|x86
		{F63BE86B-ADC1-4C54-9FF4-D3B03C8F3400}.Debug|x86.ActiveCfg = Debug|x86
		{F63BE86B-ADC1-4C54-9FF4-D3B03C8F3400}.Debug|x86.Build.0 = Debug|x86
		{F63BE86B-ADC1-4C54-9FF4-D3B03C8F3400}.Release|Any CPU.ActiveCfg = Release|x86
		{F63BE86B-ADC1-4C54-9FF4-D3B03C8F3400}.Release|Mixed Platforms.ActiveCfg = Release|x86
		{F63BE86B-ADC1-4C54-9FF4-D3B03C8F3400}.Release|Mixed Platforms.Build.0 = Release|x86
		{F63BE86B-ADC1-4C54-9FF4-D3B03C8F3400}.Release|x86.ActiveCfg = Release|x86
		{F63BE86B-ADC1-4C54-9FF4-D3B03C8F3400}.Release|x86.Build.0 = Release|x86
		{793BC432-5BE7-4531-BF7A-B987C940E921}.Debug|Any CPU.ActiveCfg = Debug|x86
		{793BC432-5BE7-4531-BF7A-B987C940E921}.Debug|Mixed Platforms.ActiveCfg = Debug|x86
		{793BC432-5BE7-4531-BF7A-B987C940E921}.Debug|Mixed Platforms.Build.0 = Debug|x86
		{793BC432-5BE7-4531-BF7A-B987C940E921}.Debug|x86.ActiveCfg = Debug|x86
		{793BC432-5BE7-4531-BF7A-B987C940E921}.Debug|x86.Build.0 = Debug|x86
		{793BC432-5BE7-4531-BF7A-B987C940E921}.Release|Any CPU.ActiveCfg = Release|x86
		{793BC432-5BE7-4531-BF7A-B987C940E921}.Release|Mixed Platforms.ActiveCfg = Release|x86
		{793BC432-5BE7-4531-BF7A-B987C940E921}.Release|Mixed Platforms.Build.0 = Release|x86
		{793BC432-5BE7-4531-BF7A-B987C940E921}.Release|x86.ActiveCfg = Release|x86
		{793BC432-5BE7-4531-BF7A-B987C940E921}.Release|x86.Build.0 = Release|x86
		{CBB8288D-BC02-4DBE-A9E4-A0599083B1E0}.Debug|Any CPU.ActiveCfg = Debug|Any CPU
		{CBB8288D-BC02-4DBE-A9E4-A0599083B1E0}.Debug|Any CPU.Build.0 = Debug|Any CPU
		{CBB8288D-BC02-4DBE-A9E4-A0599083B1E0}.Debug|Mixed Platforms.ActiveCfg = Debug|Any CPU
		{CBB8288D-BC02-4DBE-A9E4-A0599083B1E0}.Debug|Mixed Platforms.Build.0 = Debug|Any CPU
		{CBB8288D-BC02-4DBE-A9E4-A0599083B1E0}.Debug|x86.ActiveCfg = Debug|Any CPU
		{CBB8288D-BC02-4DBE-A9E4-A0599083B1E0}.Debug|x86.Build.0 = Debug|Any CPU
		{CBB8288D-BC02-4DBE-A9E4-A0599083B1E0}.Release|Any CPU.ActiveCfg = Release|Any CPU
		{CBB8288D-BC02-4DBE-A9E4-A0599083B1E0}.Release|Any CPU.Build.0 = Release|Any CPU
		{CBB8288D-BC02-4DBE-A9E4-A0599083B1E0}.Release|Mixed Platforms.ActiveCfg = Release|Any CPU
		{CBB8288D-BC02-4DBE-A9E4-A0599083B1E0}.Release|Mixed Platforms.Build.0 = Release|Any CPU
		{CBB8288D-BC02-4DBE-A9E4-A0599083B1E0}.Release|x86.ActiveCfg = Release|Any CPU
		{CBB8288D-BC02-4DBE-A9E4-A0599083B1E0}.Release|x86.Build.0 = Release|Any CPU
		{1C2D6574-9BA6-4039-80C6-E48DCFD69C8A}.Debug|Any CPU.ActiveCfg = Debug|Any CPU
		{1C2D6574-9BA6-4039-80C6-E48DCFD69C8A}.Debug|Any CPU.Build.0 = Debug|Any CPU
		{1C2D6574-9BA6-4039-80C6-E48DCFD69C8A}.Debug|Mixed Platforms.ActiveCfg = Debug|Any CPU
		{1C2D6574-9BA6-4039-80C6-E48DCFD69C8A}.Debug|Mixed Platforms.Build.0 = Debug|Any CPU
		{1C2D6574-9BA6-4039-80C6-E48DCFD69C8A}.Debug|x86.ActiveCfg = Debug|Any CPU
		{1C2D6574-9BA6-4039-80C6-E48DCFD69C8A}.Debug|x86.Build.0 = Debug|Any CPU
		{1C2D6574-9BA6-4039-80C6-E48DCFD69C8A}.Release|Any CPU.ActiveCfg = Release|Any CPU
		{1C2D6574-9BA6-4039-80C6-E48DCFD69C8A}.Release|Any CPU.Build.0 = Release|Any CPU
		{1C2D6574-9BA6-4039-80C6-E48DCFD69C8A}.Release|Mixed Platforms.ActiveCfg = Release|Any CPU
		{1C2D6574-9BA6-4039-80C6-E48DCFD69C8A}.Release|Mixed Platforms.Build.0 = Release|Any CPU
		{1C2D6574-9BA6-4039-80C6-E48DCFD69C8A}.Release|x86.ActiveCfg = Release|Any CPU
		{1C2D6574-9BA6-4039-80C6-E48DCFD69C8A}.Release|x86.Build.0 = Release|Any CPU
		{3D8AFACA-E1EB-41A1-AEF6-24AD15BD3CDE}.Debug|Any CPU.ActiveCfg = Debug|Any CPU
		{3D8AFACA-E1EB-41A1-AEF6-24AD15BD3CDE}.Debug|Any CPU.Build.0 = Debug|Any CPU
		{3D8AFACA-E1EB-41A1-AEF6-24AD15BD3CDE}.Debug|Mixed Platforms.ActiveCfg = Debug|Any CPU
		{3D8AFACA-E1EB-41A1-AEF6-24AD15BD3CDE}.Debug|Mixed Platforms.Build.0 = Debug|Any CPU
		{3D8AFACA-E1EB-41A1-AEF6-24AD15BD3CDE}.Debug|x86.ActiveCfg = Debug|Any CPU
		{3D8AFACA-E1EB-41A1-AEF6-24AD15BD3CDE}.Debug|x86.Build.0 = Debug|Any CPU
		{3D8AFACA-E1EB-41A1-AEF6-24AD15BD3CDE}.Release|Any CPU.ActiveCfg = Release|Any CPU
		{3D8AFACA-E1EB-41A1-AEF6-24AD15BD3CDE}.Release|Any CPU.Build.0 = Release|Any CPU
		{3D8AFACA-E1EB-41A1-AEF6-24AD15BD3CDE}.Release|Mixed Platforms.ActiveCfg = Release|Any CPU
		{3D8AFACA-E1EB-41A1-AEF6-24AD15BD3CDE}.Release|Mixed Platforms.Build.0 = Release|Any CPU
		{3D8AFACA-E1EB-41A1-AEF6-24AD15BD3CDE}.Release|x86.ActiveCfg = Release|Any CPU
		{3D8AFACA-E1EB-41A1-AEF6-24AD15BD3CDE}.Release|x86.Build.0 = Release|Any CPU
		{5512DDFB-0CA8-4BB7-AC01-E21BDC814F0F}.Debug|Any CPU.ActiveCfg = Debug|Any CPU
		{5512DDFB-0CA8-4BB7-AC01-E21BDC814F0F}.Debug|Any CPU.Build.0 = Debug|Any CPU
		{5512DDFB-0CA8-4BB7-AC01-E21BDC814F0F}.Debug|Mixed Platforms.ActiveCfg = Debug|Any CPU
		{5512DDFB-0CA8-4BB7-AC01-E21BDC814F0F}.Debug|Mixed Platforms.Build.0 = Debug|Any CPU
		{5512DDFB-0CA8-4BB7-AC01-E21BDC814F0F}.Debug|x86.ActiveCfg = Debug|Any CPU
		{5512DDFB-0CA8-4BB7-AC01-E21BDC814F0F}.Debug|x86.Build.0 = Debug|Any CPU
		{5512DDFB-0CA8-4BB7-AC01-E21BDC814F0F}.Release|Any CPU.ActiveCfg = Release|Any CPU
		{5512DDFB-0CA8-4BB7-AC01-E21BDC814F0F}.Release|Any CPU.Build.0 = Release|Any CPU
		{5512DDFB-0CA8-4BB7-AC01-E21BDC814F0F}.Release|Mixed Platforms.ActiveCfg = Release|Any CPU
		{5512DDFB-0CA8-4BB7-AC01-E21BDC814F0F}.Release|Mixed Platforms.Build.0 = Release|Any CPU
		{5512DDFB-0CA8-4BB7-AC01-E21BDC814F0F}.Release|x86.ActiveCfg = Release|Any CPU
		{5512DDFB-0CA8-4BB7-AC01-E21BDC814F0F}.Release|x86.Build.0 = Release|Any CPU
		{03062749-569C-4ED7-BE5D-F8CA1C8A756B}.Debug|Any CPU.ActiveCfg = Debug|Any CPU
		{03062749-569C-4ED7-BE5D-F8CA1C8A756B}.Debug|Any CPU.Build.0 = Debug|Any CPU
		{03062749-569C-4ED7-BE5D-F8CA1C8A756B}.Debug|Mixed Platforms.ActiveCfg = Debug|Any CPU
		{03062749-569C-4ED7-BE5D-F8CA1C8A756B}.Debug|Mixed Platforms.Build.0 = Debug|Any CPU
		{03062749-569C-4ED7-BE5D-F8CA1C8A756B}.Debug|x86.ActiveCfg = Debug|Any CPU
		{03062749-569C-4ED7-BE5D-F8CA1C8A756B}.Debug|x86.Build.0 = Debug|Any CPU
		{03062749-569C-4ED7-BE5D-F8CA1C8A756B}.Release|Any CPU.ActiveCfg = Release|Any CPU
		{03062749-569C-4ED7-BE5D-F8CA1C8A756B}.Release|Any CPU.Build.0 = Release|Any CPU
		{03062749-569C-4ED7-BE5D-F8CA1C8A756B}.Release|Mixed Platforms.ActiveCfg = Release|Any CPU
		{03062749-569C-4ED7-BE5D-F8CA1C8A756B}.Release|Mixed Platforms.Build.0 = Release|Any CPU
		{03062749-569C-4ED7-BE5D-F8CA1C8A756B}.Release|x86.ActiveCfg = Release|Any CPU
		{03062749-569C-4ED7-BE5D-F8CA1C8A756B}.Release|x86.Build.0 = Release|Any CPU
		{FB764676-D178-4AAF-A984-DB1B778427DD}.Debug|Any CPU.ActiveCfg = Debug|Any CPU
		{FB764676-D178-4AAF-A984-DB1B778427DD}.Debug|Any CPU.Build.0 = Debug|Any CPU
		{FB764676-D178-4AAF-A984-DB1B778427DD}.Debug|Mixed Platforms.ActiveCfg = Debug|Any CPU
		{FB764676-D178-4AAF-A984-DB1B778427DD}.Debug|Mixed Platforms.Build.0 = Debug|Any CPU
		{FB764676-D178-4AAF-A984-DB1B778427DD}.Debug|x86.ActiveCfg = Debug|Any CPU
		{FB764676-D178-4AAF-A984-DB1B778427DD}.Debug|x86.Build.0 = Debug|Any CPU
		{FB764676-D178-4AAF-A984-DB1B778427DD}.Release|Any CPU.ActiveCfg = Release|Any CPU
		{FB764676-D178-4AAF-A984-DB1B778427DD}.Release|Any CPU.Build.0 = Release|Any CPU
		{FB764676-D178-4AAF-A984-DB1B778427DD}.Release|Mixed Platforms.ActiveCfg = Release|Any CPU
		{FB764676-D178-4AAF-A984-DB1B778427DD}.Release|Mixed Platforms.Build.0 = Release|Any CPU
		{FB764676-D178-4AAF-A984-DB1B778427DD}.Release|x86.ActiveCfg = Release|Any CPU
		{FB764676-D178-4AAF-A984-DB1B778427DD}.Release|x86.Build.0 = Release|Any CPU
		{6FD3AFA7-69ED-468F-972A-E58FEADABA12}.Debug|Any CPU.ActiveCfg = Debug|Any CPU
		{6FD3AFA7-69ED-468F-972A-E58FEADABA12}.Debug|Any CPU.Build.0 = Debug|Any CPU
		{6FD3AFA7-69ED-468F-972A-E58FEADABA12}.Debug|Mixed Platforms.ActiveCfg = Debug|Any CPU
		{6FD3AFA7-69ED-468F-972A-E58FEADABA12}.Debug|Mixed Platforms.Build.0 = Debug|Any CPU
		{6FD3AFA7-69ED-468F-972A-E58FEADABA12}.Debug|x86.ActiveCfg = Debug|Any CPU
		{6FD3AFA7-69ED-468F-972A-E58FEADABA12}.Debug|x86.Build.0 = Debug|Any CPU
		{6FD3AFA7-69ED-468F-972A-E58FEADABA12}.Release|Any CPU.ActiveCfg = Release|Any CPU
		{6FD3AFA7-69ED-468F-972A-E58FEADABA12}.Release|Any CPU.Build.0 = Release|Any CPU
		{6FD3AFA7-69ED-468F-972A-E58FEADABA12}.Release|Mixed Platforms.ActiveCfg = Release|Any CPU
		{6FD3AFA7-69ED-468F-972A-E58FEADABA12}.Release|Mixed Platforms.Build.0 = Release|Any CPU
		{6FD3AFA7-69ED-468F-972A-E58FEADABA12}.Release|x86.ActiveCfg = Release|Any CPU
		{6FD3AFA7-69ED-468F-972A-E58FEADABA12}.Release|x86.Build.0 = Release|Any CPU
		{4B8AE9E2-721D-46EA-A21D-B8B56AD88E9C}.Debug|Any CPU.ActiveCfg = Debug|Any CPU
		{4B8AE9E2-721D-46EA-A21D-B8B56AD88E9C}.Debug|Any CPU.Build.0 = Debug|Any CPU
		{4B8AE9E2-721D-46EA-A21D-B8B56AD88E9C}.Debug|Mixed Platforms.ActiveCfg = Debug|Any CPU
		{4B8AE9E2-721D-46EA-A21D-B8B56AD88E9C}.Debug|Mixed Platforms.Build.0 = Debug|Any CPU
		{4B8AE9E2-721D-46EA-A21D-B8B56AD88E9C}.Debug|x86.ActiveCfg = Debug|Any CPU
		{4B8AE9E2-721D-46EA-A21D-B8B56AD88E9C}.Debug|x86.Build.0 = Debug|Any CPU
		{4B8AE9E2-721D-46EA-A21D-B8B56AD88E9C}.Release|Any CPU.ActiveCfg = Release|Any CPU
		{4B8AE9E2-721D-46EA-A21D-B8B56AD88E9C}.Release|Any CPU.Build.0 = Release|Any CPU
		{4B8AE9E2-721D-46EA-A21D-B8B56AD88E9C}.Release|Mixed Platforms.ActiveCfg = Release|Any CPU
		{4B8AE9E2-721D-46EA-A21D-B8B56AD88E9C}.Release|Mixed Platforms.Build.0 = Release|Any CPU
		{4B8AE9E2-721D-46EA-A21D-B8B56AD88E9C}.Release|x86.ActiveCfg = Release|Any CPU
		{4B8AE9E2-721D-46EA-A21D-B8B56AD88E9C}.Release|x86.Build.0 = Release|Any CPU
		{70A1F3BD-3DF3-45FF-9B44-976B807DEAE7}.Debug|Any CPU.ActiveCfg = Debug|Any CPU
		{70A1F3BD-3DF3-45FF-9B44-976B807DEAE7}.Debug|Any CPU.Build.0 = Debug|Any CPU
		{70A1F3BD-3DF3-45FF-9B44-976B807DEAE7}.Debug|Mixed Platforms.ActiveCfg = Debug|Any CPU
		{70A1F3BD-3DF3-45FF-9B44-976B807DEAE7}.Debug|Mixed Platforms.Build.0 = Debug|Any CPU
		{70A1F3BD-3DF3-45FF-9B44-976B807DEAE7}.Debug|x86.ActiveCfg = Debug|Any CPU
		{70A1F3BD-3DF3-45FF-9B44-976B807DEAE7}.Debug|x86.Build.0 = Debug|Any CPU
		{70A1F3BD-3DF3-45FF-9B44-976B807DEAE7}.Release|Any CPU.ActiveCfg = Release|Any CPU
		{70A1F3BD-3DF3-45FF-9B44-976B807DEAE7}.Release|Any CPU.Build.0 = Release|Any CPU
		{70A1F3BD-3DF3-45FF-9B44-976B807DEAE7}.Release|Mixed Platforms.ActiveCfg = Release|Any CPU
		{70A1F3BD-3DF3-45FF-9B44-976B807DEAE7}.Release|Mixed Platforms.Build.0 = Release|Any CPU
		{70A1F3BD-3DF3-45FF-9B44-976B807DEAE7}.Release|x86.ActiveCfg = Release|Any CPU
		{70A1F3BD-3DF3-45FF-9B44-976B807DEAE7}.Release|x86.Build.0 = Release|Any CPU
		{7E7F3D64-00B9-4AA6-9EE8-DD97713C6347}.Debug|Any CPU.ActiveCfg = Debug|Any CPU
		{7E7F3D64-00B9-4AA6-9EE8-DD97713C6347}.Debug|Any CPU.Build.0 = Debug|Any CPU
		{7E7F3D64-00B9-4AA6-9EE8-DD97713C6347}.Debug|Mixed Platforms.ActiveCfg = Debug|Any CPU
		{7E7F3D64-00B9-4AA6-9EE8-DD97713C6347}.Debug|Mixed Platforms.Build.0 = Debug|Any CPU
		{7E7F3D64-00B9-4AA6-9EE8-DD97713C6347}.Debug|x86.ActiveCfg = Debug|Any CPU
		{7E7F3D64-00B9-4AA6-9EE8-DD97713C6347}.Debug|x86.Build.0 = Debug|Any CPU
		{7E7F3D64-00B9-4AA6-9EE8-DD97713C6347}.Release|Any CPU.ActiveCfg = Release|Any CPU
		{7E7F3D64-00B9-4AA6-9EE8-DD97713C6347}.Release|Any CPU.Build.0 = Release|Any CPU
		{7E7F3D64-00B9-4AA6-9EE8-DD97713C6347}.Release|Mixed Platforms.ActiveCfg = Release|Any CPU
		{7E7F3D64-00B9-4AA6-9EE8-DD97713C6347}.Release|Mixed Platforms.Build.0 = Release|Any CPU
		{7E7F3D64-00B9-4AA6-9EE8-DD97713C6347}.Release|x86.ActiveCfg = Release|Any CPU
		{7E7F3D64-00B9-4AA6-9EE8-DD97713C6347}.Release|x86.Build.0 = Release|Any CPU
		{5B8AD71F-4605-4874-B43D-8F96AED19969}.Debug|Any CPU.ActiveCfg = Debug|Any CPU
		{5B8AD71F-4605-4874-B43D-8F96AED19969}.Debug|Any CPU.Build.0 = Debug|Any CPU
		{5B8AD71F-4605-4874-B43D-8F96AED19969}.Debug|Mixed Platforms.ActiveCfg = Debug|Any CPU
		{5B8AD71F-4605-4874-B43D-8F96AED19969}.Debug|Mixed Platforms.Build.0 = Debug|Any CPU
		{5B8AD71F-4605-4874-B43D-8F96AED19969}.Debug|x86.ActiveCfg = Debug|Any CPU
		{5B8AD71F-4605-4874-B43D-8F96AED19969}.Debug|x86.Build.0 = Debug|Any CPU
		{5B8AD71F-4605-4874-B43D-8F96AED19969}.Release|Any CPU.ActiveCfg = Release|Any CPU
		{5B8AD71F-4605-4874-B43D-8F96AED19969}.Release|Any CPU.Build.0 = Release|Any CPU
		{5B8AD71F-4605-4874-B43D-8F96AED19969}.Release|Mixed Platforms.ActiveCfg = Release|Any CPU
		{5B8AD71F-4605-4874-B43D-8F96AED19969}.Release|Mixed Platforms.Build.0 = Release|Any CPU
		{5B8AD71F-4605-4874-B43D-8F96AED19969}.Release|x86.ActiveCfg = Release|Any CPU
		{5B8AD71F-4605-4874-B43D-8F96AED19969}.Release|x86.Build.0 = Release|Any CPU
		{D9AB2649-CF1F-4916-87EC-8214534DE9C8}.Debug|Any CPU.ActiveCfg = Debug|Any CPU
		{D9AB2649-CF1F-4916-87EC-8214534DE9C8}.Debug|Any CPU.Build.0 = Debug|Any CPU
		{D9AB2649-CF1F-4916-87EC-8214534DE9C8}.Debug|Mixed Platforms.ActiveCfg = Debug|Any CPU
		{D9AB2649-CF1F-4916-87EC-8214534DE9C8}.Debug|Mixed Platforms.Build.0 = Debug|Any CPU
		{D9AB2649-CF1F-4916-87EC-8214534DE9C8}.Debug|x86.ActiveCfg = Debug|Any CPU
		{D9AB2649-CF1F-4916-87EC-8214534DE9C8}.Debug|x86.Build.0 = Debug|Any CPU
		{D9AB2649-CF1F-4916-87EC-8214534DE9C8}.Release|Any CPU.ActiveCfg = Release|Any CPU
		{D9AB2649-CF1F-4916-87EC-8214534DE9C8}.Release|Any CPU.Build.0 = Release|Any CPU
		{D9AB2649-CF1F-4916-87EC-8214534DE9C8}.Release|Mixed Platforms.ActiveCfg = Release|Any CPU
		{D9AB2649-CF1F-4916-87EC-8214534DE9C8}.Release|Mixed Platforms.Build.0 = Release|Any CPU
		{D9AB2649-CF1F-4916-87EC-8214534DE9C8}.Release|x86.ActiveCfg = Release|Any CPU
		{D9AB2649-CF1F-4916-87EC-8214534DE9C8}.Release|x86.Build.0 = Release|Any CPU
	EndGlobalSection
	GlobalSection(SolutionProperties) = preSolution
		HideSolutionNode = FALSE
	EndGlobalSection
	GlobalSection(ExtensibilityGlobals) = postSolution
		SolutionGuid = {6432B33C-BA80-4009-8D0B-876219447076}
	EndGlobalSection
EndGlobal
